
Microsoft Visual Studio Solution File, Format Version 12.00
# Visual Studio Version 16
VisualStudioVersion = 16.0.32901.82
MinimumVisualStudioVersion = 10.0.40219.1
Project("{FAE04EC0-301F-11D3-BF4B-00C04F79EFBC}") = "EduvosMap", "EduvosMap\EduvosMap.csproj", "{5F869394-20C1-4508-89FA-C01B750155FE}"
EndProject
Global
	GlobalSection(SolutionConfigurationPlatforms) = preSolution
		Debug|Any CPU = Debug|Any CPU
		Release|Any CPU = Release|Any CPU
	EndGlobalSection
	GlobalSection(ProjectConfigurationPlatforms) = postSolution
		{5F869394-20C1-4508-89FA-C01B750155FE}.Debug|Any CPU.ActiveCfg = Debug|Any CPU
		{5F869394-20C1-4508-89FA-C01B750155FE}.Debug|Any CPU.Build.0 = Debug|Any CPU
		{5F869394-20C1-4508-89FA-C01B750155FE}.Release|Any CPU.ActiveCfg = Release|Any CPU
		{5F869394-20C1-4508-89FA-C01B750155FE}.Release|Any CPU.Build.0 = Release|Any CPU
	EndGlobalSection
	GlobalSection(SolutionProperties) = preSolution
		HideSolutionNode = FALSE
	EndGlobalSection
	GlobalSection(ExtensibilityGlobals) = postSolution
		SolutionGuid = {69C0D41F-F228-4DE9-BABD-C21B29CE9E02}
	EndGlobalSection
EndGlobal
