
Microsoft Visual Studio Solution File, Format Version 12.00
# Visual Studio Version 16
VisualStudioVersion = 16.0.32901.82
MinimumVisualStudioVersion = 10.0.40219.1
Project("{FAE04EC0-301F-11D3-BF4B-00C04F79EFBC}") = "MultiArrayAsArgument", "MultiArrayAsArgument\MultiArrayAsArgument.csproj", "{ACB8BEF1-D636-4663-BE34-816308656C9F}"
EndProject
Global
	GlobalSection(SolutionConfigurationPlatforms) = preSolution
		Debug|Any CPU = Debug|Any CPU
		Release|Any CPU = Release|Any CPU
	EndGlobalSection
	GlobalSection(ProjectConfigurationPlatforms) = postSolution
		{ACB8BEF1-D636-4663-BE34-816308656C9F}.Debug|Any CPU.ActiveCfg = Debug|Any CPU
		{ACB8BEF1-D636-4663-BE34-816308656C9F}.Debug|Any CPU.Build.0 = Debug|Any CPU
		{ACB8BEF1-D636-4663-BE34-816308656C9F}.Release|Any CPU.ActiveCfg = Release|Any CPU
		{ACB8BEF1-D636-4663-BE34-816308656C9F}.Release|Any CPU.Build.0 = Release|Any CPU
	EndGlobalSection
	GlobalSection(SolutionProperties) = preSolution
		HideSolutionNode = FALSE
	EndGlobalSection
	GlobalSection(ExtensibilityGlobals) = postSolution
		SolutionGuid = {AC01777C-010B-423A-99F7-24ECEF2D9489}
	EndGlobalSection
EndGlobal
