
Microsoft Visual Studio Solution File, Format Version 12.00
# Visual Studio Version 16
VisualStudioVersion = 16.0.34301.259
MinimumVisualStudioVersion = 10.0.40219.1
Project("{FAE04EC0-301F-11D3-BF4B-00C04F79EFBC}") = "Dic2", "Dic2\Dic2.csproj", "{B259813D-E611-49DB-958F-8CC9FABF66F6}"
EndProject
Global
	GlobalSection(SolutionConfigurationPlatforms) = preSolution
		Debug|Any CPU = Debug|Any CPU
		Release|Any CPU = Release|Any CPU
	EndGlobalSection
	GlobalSection(ProjectConfigurationPlatforms) = postSolution
		{B259813D-E611-49DB-958F-8CC9FABF66F6}.Debug|Any CPU.ActiveCfg = Debug|Any CPU
		{B259813D-E611-49DB-958F-8CC9FABF66F6}.Debug|Any CPU.Build.0 = Debug|Any CPU
		{B259813D-E611-49DB-958F-8CC9FABF66F6}.Release|Any CPU.ActiveCfg = Release|Any CPU
		{B259813D-E611-49DB-958F-8CC9FABF66F6}.Release|Any CPU.Build.0 = Release|Any CPU
	EndGlobalSection
	GlobalSection(SolutionProperties) = preSolution
		HideSolutionNode = FALSE
	EndGlobalSection
	GlobalSection(ExtensibilityGlobals) = postSolution
		SolutionGuid = {E5E39975-120A-4CF6-B1C7-DF0E4E5E3162}
	EndGlobalSection
EndGlobal
