
Microsoft Visual Studio Solution File, Format Version 12.00
# Visual Studio Version 17
VisualStudioVersion = 17.11.35303.130
MinimumVisualStudioVersion = 10.0.40219.1
Project("{FAE04EC0-301F-11D3-BF4B-00C04F79EFBC}") = "GuidedProjCalculateFinalGPA", "GuidedProjCalculateFinalGPA\GuidedProjCalculateFinalGPA.csproj", "{AC34B1C5-849B-4A36-A411-53FE2D1A371D}"
EndProject
Global
	GlobalSection(SolutionConfigurationPlatforms) = preSolution
		Debug|Any CPU = Debug|Any CPU
		Release|Any CPU = Release|Any CPU
	EndGlobalSection
	GlobalSection(ProjectConfigurationPlatforms) = postSolution
		{AC34B1C5-849B-4A36-A411-53FE2D1A371D}.Debug|Any CPU.ActiveCfg = Debug|Any CPU
		{AC34B1C5-849B-4A36-A411-53FE2D1A371D}.Debug|Any CPU.Build.0 = Debug|Any CPU
		{AC34B1C5-849B-4A36-A411-53FE2D1A371D}.Release|Any CPU.ActiveCfg = Release|Any CPU
		{AC34B1C5-849B-4A36-A411-53FE2D1A371D}.Release|Any CPU.Build.0 = Release|Any CPU
	EndGlobalSection
	GlobalSection(SolutionProperties) = preSolution
		HideSolutionNode = FALSE
	EndGlobalSection
	GlobalSection(ExtensibilityGlobals) = postSolution
		SolutionGuid = {8A8B21A3-AB91-4F3B-AAFC-3CDA0A67753D}
	EndGlobalSection
EndGlobal
